// !$*UTF8*$!
{
	archiveVersion = 1;
	classes = {
	};
	objectVersion = 56;
	objects = {

/* Begin PBXBuildFile section */
		E5123B2D28F9BBBF00AD359D /* HHmm.docc in Sources */ = {isa = PBXBuildFile; fileRef = E5123B2C28F9BBBF00AD359D /* HHmm.docc */; };
		E5123B3328F9BBBF00AD359D /* HHmm.framework in Frameworks */ = {isa = PBXBuildFile; fileRef = E5123B2828F9BBBF00AD359D /* HHmm.framework */; };
		E5123B3928F9BBBF00AD359D /* HHmm.h in Headers */ = {isa = PBXBuildFile; fileRef = E5123B2B28F9BBBF00AD359D /* HHmm.h */; settings = {ATTRIBUTES = (Public, ); }; };
		E5123B4628F9BBEF00AD359D /* HHmm.swift in Sources */ = {isa = PBXBuildFile; fileRef = E5123B4528F9BBEF00AD359D /* HHmm.swift */; };
		E5123B4828F9BC0C00AD359D /* HHmmInitializeTests.swift in Sources */ = {isa = PBXBuildFile; fileRef = E5123B4728F9BC0C00AD359D /* HHmmInitializeTests.swift */; };
		E53C238328FB0B0200F6DD56 /* HHmmFormatter.swift in Sources */ = {isa = PBXBuildFile; fileRef = E53C238228FB0B0200F6DD56 /* HHmmFormatter.swift */; };
		E53C238528FB0CDA00F6DD56 /* HHmmSetterTests.swift in Sources */ = {isa = PBXBuildFile; fileRef = E53C238428FB0CDA00F6DD56 /* HHmmSetterTests.swift */; };
/* End PBXBuildFile section */

/* Begin PBXContainerItemProxy section */
		E5123B3428F9BBBF00AD359D /* PBXContainerItemProxy */ = {
			isa = PBXContainerItemProxy;
			containerPortal = E5123B1F28F9BBBF00AD359D /* Project object */;
			proxyType = 1;
			remoteGlobalIDString = E5123B2728F9BBBF00AD359D;
			remoteInfo = HHmm;
		};
/* End PBXContainerItemProxy section */

/* Begin PBXFileReference section */
		E5123B2828F9BBBF00AD359D /* HHmm.framework */ = {isa = PBXFileReference; explicitFileType = wrapper.framework; includeInIndex = 0; path = HHmm.framework; sourceTree = BUILT_PRODUCTS_DIR; };
		E5123B2B28F9BBBF00AD359D /* HHmm.h */ = {isa = PBXFileReference; lastKnownFileType = sourcecode.c.h; path = HHmm.h; sourceTree = "<group>"; };
		E5123B2C28F9BBBF00AD359D /* HHmm.docc */ = {isa = PBXFileReference; lastKnownFileType = folder.documentationcatalog; path = HHmm.docc; sourceTree = "<group>"; };
		E5123B3228F9BBBF00AD359D /* HHmmTests.xctest */ = {isa = PBXFileReference; explicitFileType = wrapper.cfbundle; includeInIndex = 0; path = HHmmTests.xctest; sourceTree = BUILT_PRODUCTS_DIR; };
		E5123B4528F9BBEF00AD359D /* HHmm.swift */ = {isa = PBXFileReference; fileEncoding = 4; lastKnownFileType = sourcecode.swift; name = HHmm.swift; path = ../../Sources/HHmm/HHmm.swift; sourceTree = "<group>"; };
		E5123B4728F9BC0C00AD359D /* HHmmInitializeTests.swift */ = {isa = PBXFileReference; fileEncoding = 4; lastKnownFileType = sourcecode.swift; name = HHmmInitializeTests.swift; path = ../../Tests/HHmmTests/HHmmInitializeTests.swift; sourceTree = "<group>"; };
		E5123B4A28F9BC7400AD359D /* HHmmTests-Bridging-Header.h */ = {isa = PBXFileReference; fileEncoding = 4; lastKnownFileType = sourcecode.c.h; path = "HHmmTests-Bridging-Header.h"; sourceTree = "<group>"; };
		E53C238228FB0B0200F6DD56 /* HHmmFormatter.swift */ = {isa = PBXFileReference; lastKnownFileType = sourcecode.swift; name = HHmmFormatter.swift; path = ../../Sources/HHmm/HHmmFormatter.swift; sourceTree = "<group>"; };
		E53C238428FB0CDA00F6DD56 /* HHmmSetterTests.swift */ = {isa = PBXFileReference; fileEncoding = 4; lastKnownFileType = sourcecode.swift; name = HHmmSetterTests.swift; path = ../../Tests/HHmmTests/HHmmSetterTests.swift; sourceTree = "<group>"; };
/* End PBXFileReference section */

/* Begin PBXFrameworksBuildPhase section */
		E5123B2528F9BBBF00AD359D /* Frameworks */ = {
			isa = PBXFrameworksBuildPhase;
			buildActionMask = 2147483647;
			files = (
			);
			runOnlyForDeploymentPostprocessing = 0;
		};
		E5123B2F28F9BBBF00AD359D /* Frameworks */ = {
			isa = PBXFrameworksBuildPhase;
			buildActionMask = 2147483647;
			files = (
				E5123B3328F9BBBF00AD359D /* HHmm.framework in Frameworks */,
			);
			runOnlyForDeploymentPostprocessing = 0;
		};
/* End PBXFrameworksBuildPhase section */

/* Begin PBXGroup section */
		E5123B1E28F9BBBF00AD359D = {
			isa = PBXGroup;
			children = (
				E5123B2A28F9BBBF00AD359D /* HHmm */,
				E5123B3628F9BBBF00AD359D /* HHmmTests */,
				E5123B2928F9BBBF00AD359D /* Products */,
			);
			sourceTree = "<group>";
		};
		E5123B2928F9BBBF00AD359D /* Products */ = {
			isa = PBXGroup;
			children = (
				E5123B2828F9BBBF00AD359D /* HHmm.framework */,
				E5123B3228F9BBBF00AD359D /* HHmmTests.xctest */,
			);
			name = Products;
			sourceTree = "<group>";
		};
		E5123B2A28F9BBBF00AD359D /* HHmm */ = {
			isa = PBXGroup;
			children = (
				E5123B2B28F9BBBF00AD359D /* HHmm.h */,
				E5123B4528F9BBEF00AD359D /* HHmm.swift */,
				E53C238228FB0B0200F6DD56 /* HHmmFormatter.swift */,
				E5123B2C28F9BBBF00AD359D /* HHmm.docc */,
			);
			path = HHmm;
			sourceTree = "<group>";
		};
		E5123B3628F9BBBF00AD359D /* HHmmTests */ = {
			isa = PBXGroup;
			children = (
				E5123B4728F9BC0C00AD359D /* HHmmInitializeTests.swift */,
				E53C238428FB0CDA00F6DD56 /* HHmmSetterTests.swift */,
				E5123B4A28F9BC7400AD359D /* HHmmTests-Bridging-Header.h */,
			);
			path = HHmmTests;
			sourceTree = "<group>";
		};
/* End PBXGroup section */

/* Begin PBXHeadersBuildPhase section */
		E5123B2328F9BBBF00AD359D /* Headers */ = {
			isa = PBXHeadersBuildPhase;
			buildActionMask = 2147483647;
			files = (
				E5123B3928F9BBBF00AD359D /* HHmm.h in Headers */,
			);
			runOnlyForDeploymentPostprocessing = 0;
		};
/* End PBXHeadersBuildPhase section */

/* Begin PBXNativeTarget section */
		E5123B2728F9BBBF00AD359D /* HHmm */ = {
			isa = PBXNativeTarget;
			buildConfigurationList = E5123B3C28F9BBBF00AD359D /* Build configuration list for PBXNativeTarget "HHmm" */;
			buildPhases = (
				E5123B2328F9BBBF00AD359D /* Headers */,
				E5123B2428F9BBBF00AD359D /* Sources */,
				E5123B2528F9BBBF00AD359D /* Frameworks */,
				E5123B2628F9BBBF00AD359D /* Resources */,
			);
			buildRules = (
			);
			dependencies = (
			);
			name = HHmm;
			productName = HHmm;
			productReference = E5123B2828F9BBBF00AD359D /* HHmm.framework */;
			productType = "com.apple.product-type.framework";
		};
		E5123B3128F9BBBF00AD359D /* HHmmTests */ = {
			isa = PBXNativeTarget;
			buildConfigurationList = E5123B3F28F9BBBF00AD359D /* Build configuration list for PBXNativeTarget "HHmmTests" */;
			buildPhases = (
				E5123B2E28F9BBBF00AD359D /* Sources */,
				E5123B2F28F9BBBF00AD359D /* Frameworks */,
				E5123B3028F9BBBF00AD359D /* Resources */,
			);
			buildRules = (
			);
			dependencies = (
				E5123B3528F9BBBF00AD359D /* PBXTargetDependency */,
			);
			name = HHmmTests;
			productName = HHmmTests;
			productReference = E5123B3228F9BBBF00AD359D /* HHmmTests.xctest */;
			productType = "com.apple.product-type.bundle.unit-test";
		};
/* End PBXNativeTarget section */

/* Begin PBXProject section */
		E5123B1F28F9BBBF00AD359D /* Project object */ = {
			isa = PBXProject;
			attributes = {
				BuildIndependentTargetsInParallel = 1;
				LastSwiftUpdateCheck = 1400;
				LastUpgradeCheck = 1400;
				TargetAttributes = {
					E5123B2728F9BBBF00AD359D = {
						CreatedOnToolsVersion = 14.0.1;
					};
					E5123B3128F9BBBF00AD359D = {
						CreatedOnToolsVersion = 14.0.1;
						LastSwiftMigration = 1400;
					};
				};
			};
			buildConfigurationList = E5123B2228F9BBBF00AD359D /* Build configuration list for PBXProject "HHmm" */;
			compatibilityVersion = "Xcode 14.0";
			developmentRegion = en;
			hasScannedForEncodings = 0;
			knownRegions = (
				en,
				Base,
			);
			mainGroup = E5123B1E28F9BBBF00AD359D;
			productRefGroup = E5123B2928F9BBBF00AD359D /* Products */;
			projectDirPath = "";
			projectRoot = "";
			targets = (
				E5123B2728F9BBBF00AD359D /* HHmm */,
				E5123B3128F9BBBF00AD359D /* HHmmTests */,
			);
		};
/* End PBXProject section */

/* Begin PBXResourcesBuildPhase section */
		E5123B2628F9BBBF00AD359D /* Resources */ = {
			isa = PBXResourcesBuildPhase;
			buildActionMask = 2147483647;
			files = (
			);
			runOnlyForDeploymentPostprocessing = 0;
		};
		E5123B3028F9BBBF00AD359D /* Resources */ = {
			isa = PBXResourcesBuildPhase;
			buildActionMask = 2147483647;
			files = (
			);
			runOnlyForDeploymentPostprocessing = 0;
		};
/* End PBXResourcesBuildPhase section */

/* Begin PBXSourcesBuildPhase section */
		E5123B2428F9BBBF00AD359D /* Sources */ = {
			isa = PBXSourcesBuildPhase;
			buildActionMask = 2147483647;
			files = (
				E53C238328FB0B0200F6DD56 /* HHmmFormatter.swift in Sources */,
				E5123B2D28F9BBBF00AD359D /* HHmm.docc in Sources */,
				E5123B4628F9BBEF00AD359D /* HHmm.swift in Sources */,
			);
			runOnlyForDeploymentPostprocessing = 0;
		};
		E5123B2E28F9BBBF00AD359D /* Sources */ = {
			isa = PBXSourcesBuildPhase;
			buildActionMask = 2147483647;
			files = (
				E53C238528FB0CDA00F6DD56 /* HHmmSetterTests.swift in Sources */,
				E5123B4828F9BC0C00AD359D /* HHmmInitializeTests.swift in Sources */,
			);
			runOnlyForDeploymentPostprocessing = 0;
		};
/* End PBXSourcesBuildPhase section */

/* Begin PBXTargetDependency section */
		E5123B3528F9BBBF00AD359D /* PBXTargetDependency */ = {
			isa = PBXTargetDependency;
			target = E5123B2728F9BBBF00AD359D /* HHmm */;
			targetProxy = E5123B3428F9BBBF00AD359D /* PBXContainerItemProxy */;
		};
/* End PBXTargetDependency section */

/* Begin XCBuildConfiguration section */
		E5123B3A28F9BBBF00AD359D /* Debug */ = {
			isa = XCBuildConfiguration;
			buildSettings = {
				ALWAYS_SEARCH_USER_PATHS = NO;
				CLANG_ANALYZER_NONNULL = YES;
				CLANG_ANALYZER_NUMBER_OBJECT_CONVERSION = YES_AGGRESSIVE;
				CLANG_CXX_LANGUAGE_STANDARD = "gnu++20";
				CLANG_ENABLE_MODULES = YES;
				CLANG_ENABLE_OBJC_ARC = YES;
				CLANG_ENABLE_OBJC_WEAK = YES;
				CLANG_WARN_BLOCK_CAPTURE_AUTORELEASING = YES;
				CLANG_WARN_BOOL_CONVERSION = YES;
				CLANG_WARN_COMMA = YES;
				CLANG_WARN_CONSTANT_CONVERSION = YES;
				CLANG_WARN_DEPRECATED_OBJC_IMPLEMENTATIONS = YES;
				CLANG_WARN_DIRECT_OBJC_ISA_USAGE = YES_ERROR;
				CLANG_WARN_DOCUMENTATION_COMMENTS = YES;
				CLANG_WARN_EMPTY_BODY = YES;
				CLANG_WARN_ENUM_CONVERSION = YES;
				CLANG_WARN_INFINITE_RECURSION = YES;
				CLANG_WARN_INT_CONVERSION = YES;
				CLANG_WARN_NON_LITERAL_NULL_CONVERSION = YES;
				CLANG_WARN_OBJC_IMPLICIT_RETAIN_SELF = YES;
				CLANG_WARN_OBJC_LITERAL_CONVERSION = YES;
				CLANG_WARN_OBJC_ROOT_CLASS = YES_ERROR;
				CLANG_WARN_QUOTED_INCLUDE_IN_FRAMEWORK_HEADER = YES;
				CLANG_WARN_RANGE_LOOP_ANALYSIS = YES;
				CLANG_WARN_STRICT_PROTOTYPES = YES;
				CLANG_WARN_SUSPICIOUS_MOVE = YES;
				CLANG_WARN_UNGUARDED_AVAILABILITY = YES_AGGRESSIVE;
				CLANG_WARN_UNREACHABLE_CODE = YES;
				CLANG_WARN__DUPLICATE_METHOD_MATCH = YES;
				COPY_PHASE_STRIP = NO;
				CURRENT_PROJECT_VERSION = 1;
				DEBUG_INFORMATION_FORMAT = dwarf;
				ENABLE_STRICT_OBJC_MSGSEND = YES;
				ENABLE_TESTABILITY = YES;
				GCC_C_LANGUAGE_STANDARD = gnu11;
				GCC_DYNAMIC_NO_PIC = NO;
				GCC_NO_COMMON_BLOCKS = YES;
				GCC_OPTIMIZATION_LEVEL = 0;
				GCC_PREPROCESSOR_DEFINITIONS = (
					"DEBUG=1",
					"$(inherited)",
				);
				GCC_WARN_64_TO_32_BIT_CONVERSION = YES;
				GCC_WARN_ABOUT_RETURN_TYPE = YES_ERROR;
				GCC_WARN_UNDECLARED_SELECTOR = YES;
				GCC_WARN_UNINITIALIZED_AUTOS = YES_AGGRESSIVE;
				GCC_WARN_UNUSED_FUNCTION = YES;
				GCC_WARN_UNUSED_VARIABLE = YES;
				MTL_ENABLE_DEBUG_INFO = INCLUDE_SOURCE;
				MTL_FAST_MATH = YES;
				ONLY_ACTIVE_ARCH = YES;
				SWIFT_ACTIVE_COMPILATION_CONDITIONS = DEBUG;
				SWIFT_OPTIMIZATION_LEVEL = "-Onone";
				VERSIONING_SYSTEM = "apple-generic";
				VERSION_INFO_PREFIX = "";
			};
			name = Debug;
		};
		E5123B3B28F9BBBF00AD359D /* Release */ = {
			isa = XCBuildConfiguration;
			buildSettings = {
				ALWAYS_SEARCH_USER_PATHS = NO;
				CLANG_ANALYZER_NONNULL = YES;
				CLANG_ANALYZER_NUMBER_OBJECT_CONVERSION = YES_AGGRESSIVE;
				CLANG_CXX_LANGUAGE_STANDARD = "gnu++20";
				CLANG_ENABLE_MODULES = YES;
				CLANG_ENABLE_OBJC_ARC = YES;
				CLANG_ENABLE_OBJC_WEAK = YES;
				CLANG_WARN_BLOCK_CAPTURE_AUTORELEASING = YES;
				CLANG_WARN_BOOL_CONVERSION = YES;
				CLANG_WARN_COMMA = YES;
				CLANG_WARN_CONSTANT_CONVERSION = YES;
				CLANG_WARN_DEPRECATED_OBJC_IMPLEMENTATIONS = YES;
				CLANG_WARN_DIRECT_OBJC_ISA_USAGE = YES_ERROR;
				CLANG_WARN_DOCUMENTATION_COMMENTS = YES;
				CLANG_WARN_EMPTY_BODY = YES;
				CLANG_WARN_ENUM_CONVERSION = YES;
				CLANG_WARN_INFINITE_RECURSION = YES;
				CLANG_WARN_INT_CONVERSION = YES;
				CLANG_WARN_NON_LITERAL_NULL_CONVERSION = YES;
				CLANG_WARN_OBJC_IMPLICIT_RETAIN_SELF = YES;
				CLANG_WARN_OBJC_LITERAL_CONVERSION = YES;
				CLANG_WARN_OBJC_ROOT_CLASS = YES_ERROR;
				CLANG_WARN_QUOTED_INCLUDE_IN_FRAMEWORK_HEADER = YES;
				CLANG_WARN_RANGE_LOOP_ANALYSIS = YES;
				CLANG_WARN_STRICT_PROTOTYPES = YES;
				CLANG_WARN_SUSPICIOUS_MOVE = YES;
				CLANG_WARN_UNGUARDED_AVAILABILITY = YES_AGGRESSIVE;
				CLANG_WARN_UNREACHABLE_CODE = YES;
				CLANG_WARN__DUPLICATE_METHOD_MATCH = YES;
				COPY_PHASE_STRIP = NO;
				CURRENT_PROJECT_VERSION = 1;
				DEBUG_INFORMATION_FORMAT = "dwarf-with-dsym";
				ENABLE_NS_ASSERTIONS = NO;
				ENABLE_STRICT_OBJC_MSGSEND = YES;
				GCC_C_LANGUAGE_STANDARD = gnu11;
				GCC_NO_COMMON_BLOCKS = YES;
				GCC_WARN_64_TO_32_BIT_CONVERSION = YES;
				GCC_WARN_ABOUT_RETURN_TYPE = YES_ERROR;
				GCC_WARN_UNDECLARED_SELECTOR = YES;
				GCC_WARN_UNINITIALIZED_AUTOS = YES_AGGRESSIVE;
				GCC_WARN_UNUSED_FUNCTION = YES;
				GCC_WARN_UNUSED_VARIABLE = YES;
				MTL_ENABLE_DEBUG_INFO = NO;
				MTL_FAST_MATH = YES;
				SWIFT_COMPILATION_MODE = wholemodule;
				SWIFT_OPTIMIZATION_LEVEL = "-O";
				VERSIONING_SYSTEM = "apple-generic";
				VERSION_INFO_PREFIX = "";
			};
			name = Release;
		};
		E5123B3D28F9BBBF00AD359D /* Debug */ = {
			isa = XCBuildConfiguration;
			buildSettings = {
				CODE_SIGN_STYLE = Automatic;
				CURRENT_PROJECT_VERSION = 1;
				DEFINES_MODULE = YES;
				DYLIB_COMPATIBILITY_VERSION = 1;
				DYLIB_CURRENT_VERSION = 1;
				DYLIB_INSTALL_NAME_BASE = "@rpath";
				GENERATE_INFOPLIST_FILE = YES;
				INFOPLIST_KEY_NSHumanReadableCopyright = "";
				INSTALL_PATH = "$(LOCAL_LIBRARY_DIR)/Frameworks";
				IPHONEOS_DEPLOYMENT_TARGET = 16.0;
				LD_RUNPATH_SEARCH_PATHS = (
					"@executable_path/Frameworks",
					"@loader_path/Frameworks",
				);
				"LD_RUNPATH_SEARCH_PATHS[sdk=macosx*]" = (
					"@executable_path/../Frameworks",
					"@loader_path/Frameworks",
				);
				MACOSX_DEPLOYMENT_TARGET = 12.3;
				MARKETING_VERSION = 1.0;
				PRODUCT_BUNDLE_IDENTIFIER = com.swiftman.HHmm;
				PRODUCT_NAME = "$(TARGET_NAME:c99extidentifier)";
				SDKROOT = auto;
				SKIP_INSTALL = YES;
				SUPPORTED_PLATFORMS = "iphoneos iphonesimulator macosx";
				SWIFT_EMIT_LOC_STRINGS = YES;
				SWIFT_VERSION = 5.0;
				TARGETED_DEVICE_FAMILY = "1,2";
			};
			name = Debug;
		};
		E5123B3E28F9BBBF00AD359D /* Release */ = {
			isa = XCBuildConfiguration;
			buildSettings = {
				CODE_SIGN_STYLE = Automatic;
				CURRENT_PROJECT_VERSION = 1;
				DEFINES_MODULE = YES;
				DYLIB_COMPATIBILITY_VERSION = 1;
				DYLIB_CURRENT_VERSION = 1;
				DYLIB_INSTALL_NAME_BASE = "@rpath";
				GENERATE_INFOPLIST_FILE = YES;
				INFOPLIST_KEY_NSHumanReadableCopyright = "";
				INSTALL_PATH = "$(LOCAL_LIBRARY_DIR)/Frameworks";
				IPHONEOS_DEPLOYMENT_TARGET = 16.0;
				LD_RUNPATH_SEARCH_PATHS = (
					"@executable_path/Frameworks",
					"@loader_path/Frameworks",
				);
				"LD_RUNPATH_SEARCH_PATHS[sdk=macosx*]" = (
					"@executable_path/../Frameworks",
					"@loader_path/Frameworks",
				);
				MACOSX_DEPLOYMENT_TARGET = 12.3;
				MARKETING_VERSION = 1.0;
				PRODUCT_BUNDLE_IDENTIFIER = com.swiftman.HHmm;
				PRODUCT_NAME = "$(TARGET_NAME:c99extidentifier)";
				SDKROOT = auto;
				SKIP_INSTALL = YES;
				SUPPORTED_PLATFORMS = "iphoneos iphonesimulator macosx";
				SWIFT_EMIT_LOC_STRINGS = YES;
				SWIFT_VERSION = 5.0;
				TARGETED_DEVICE_FAMILY = "1,2";
			};
			name = Release;
		};
		E5123B4028F9BBBF00AD359D /* Debug */ = {
			isa = XCBuildConfiguration;
			buildSettings = {
				ALWAYS_EMBED_SWIFT_STANDARD_LIBRARIES = YES;
				CLANG_ENABLE_MODULES = YES;
				CODE_SIGN_STYLE = Automatic;
				CURRENT_PROJECT_VERSION = 1;
				GENERATE_INFOPLIST_FILE = YES;
				IPHONEOS_DEPLOYMENT_TARGET = 16.0;
				LD_RUNPATH_SEARCH_PATHS = (
					"$(inherited)",
					"@executable_path/Frameworks",
					"@loader_path/Frameworks",
				);
				MACOSX_DEPLOYMENT_TARGET = 12.3;
				MARKETING_VERSION = 1.0;
				PRODUCT_BUNDLE_IDENTIFIER = com.swiftman.HHmmTests;
				PRODUCT_NAME = "$(TARGET_NAME)";
				SDKROOT = auto;
				SUPPORTED_PLATFORMS = "iphoneos iphonesimulator macosx";
				SWIFT_EMIT_LOC_STRINGS = NO;
				SWIFT_OBJC_BRIDGING_HEADER = "HHmmTests/HHmmTests-Bridging-Header.h";
				SWIFT_OPTIMIZATION_LEVEL = "-Onone";
				SWIFT_VERSION = 5.0;
				TARGETED_DEVICE_FAMILY = "1,2";
			};
			name = Debug;
		};
		E5123B4128F9BBBF00AD359D /* Release */ = {
			isa = XCBuildConfiguration;
			buildSettings = {
				ALWAYS_EMBED_SWIFT_STANDARD_LIBRARIES = YES;
				CLANG_ENABLE_MODULES = YES;
				CODE_SIGN_STYLE = Automatic;
				CURRENT_PROJECT_VERSION = 1;
				GENERATE_INFOPLIST_FILE = YES;
				IPHONEOS_DEPLOYMENT_TARGET = 16.0;
				LD_RUNPATH_SEARCH_PATHS = (
					"$(inherited)",
					"@executable_path/Frameworks",
					"@loader_path/Frameworks",
				);
				MACOSX_DEPLOYMENT_TARGET = 12.3;
				MARKETING_VERSION = 1.0;
				PRODUCT_BUNDLE_IDENTIFIER = com.swiftman.HHmmTests;
				PRODUCT_NAME = "$(TARGET_NAME)";
				SDKROOT = auto;
				SUPPORTED_PLATFORMS = "iphoneos iphonesimulator macosx";
				SWIFT_EMIT_LOC_STRINGS = NO;
				SWIFT_OBJC_BRIDGING_HEADER = "HHmmTests/HHmmTests-Bridging-Header.h";
				SWIFT_VERSION = 5.0;
				TARGETED_DEVICE_FAMILY = "1,2";
			};
			name = Release;
		};
/* End XCBuildConfiguration section */

/* Begin XCConfigurationList section */
		E5123B2228F9BBBF00AD359D /* Build configuration list for PBXProject "HHmm" */ = {
			isa = XCConfigurationList;
			buildConfigurations = (
				E5123B3A28F9BBBF00AD359D /* Debug */,
				E5123B3B28F9BBBF00AD359D /* Release */,
			);
			defaultConfigurationIsVisible = 0;
			defaultConfigurationName = Release;
		};
		E5123B3C28F9BBBF00AD359D /* Build configuration list for PBXNativeTarget "HHmm" */ = {
			isa = XCConfigurationList;
			buildConfigurations = (
				E5123B3D28F9BBBF00AD359D /* Debug */,
				E5123B3E28F9BBBF00AD359D /* Release */,
			);
			defaultConfigurationIsVisible = 0;
			defaultConfigurationName = Release;
		};
		E5123B3F28F9BBBF00AD359D /* Build configuration list for PBXNativeTarget "HHmmTests" */ = {
			isa = XCConfigurationList;
			buildConfigurations = (
				E5123B4028F9BBBF00AD359D /* Debug */,
				E5123B4128F9BBBF00AD359D /* Release */,
			);
			defaultConfigurationIsVisible = 0;
			defaultConfigurationName = Release;
		};
/* End XCConfigurationList section */
	};
	rootObject = E5123B1F28F9BBBF00AD359D /* Project object */;
}
